
Microsoft Visual Studio Solution File, Format Version 12.00
# Visual Studio Version 17
VisualStudioVersion = 17.2.32630.192
MinimumVisualStudioVersion = 10.0.40219.1
Project("{FAE04EC0-301F-11D3-BF4B-00C04F79EFBC}") = "BaseApp.Core", "BaseApp.Core\BaseApp.Core.csproj", "{FFE7BF3B-F00C-4E65-8C3C-AECEF33DA5AF}"
EndProject
Project("{FAE04EC0-301F-11D3-BF4B-00C04F79EFBC}") = "BaseApp.Data", "BaseApp.Data\BaseApp.Data.csproj", "{5FA44F8E-00BD-43AA-B689-50AF12BF44F0}"
EndProject
Project("{FAE04EC0-301F-11D3-BF4B-00C04F79EFBC}") = "BaseApp.Domain", "BaseApp.Domain\BaseApp.Domain.csproj", "{6FD5306B-1822-46E2-A061-39A58E565095}"
EndProject
Project("{FAE04EC0-301F-11D3-BF4B-00C04F79EFBC}") = "BaseApp.Services", "BaseApp.Services\BaseApp.Services.csproj", "{EF145BBF-EF54-46EA-AA0C-D48EF4B7325B}"
EndProject
Project("{FAE04EC0-301F-11D3-BF4B-00C04F79EFBC}") = "BaseApp.Utility", "BaseApp.Utility\BaseApp.Utility.csproj", "{87F1756E-B582-45D7-BF13-D12D92046EFB}"
EndProject
Project("{FAE04EC0-301F-11D3-BF4B-00C04F79EFBC}") = "BaseApp", "BaseApp\BaseApp.csproj", "{5E2E08A8-02F8-4762-AC17-63F01B87A726}"
EndProject
Global
	GlobalSection(SolutionConfigurationPlatforms) = preSolution
		Debug|Any CPU = Debug|Any CPU
		Release|Any CPU = Release|Any CPU
	EndGlobalSection
	GlobalSection(ProjectConfigurationPlatforms) = postSolution
		{FFE7BF3B-F00C-4E65-8C3C-AECEF33DA5AF}.Debug|Any CPU.ActiveCfg = Debug|Any CPU
		{FFE7BF3B-F00C-4E65-8C3C-AECEF33DA5AF}.Debug|Any CPU.Build.0 = Debug|Any CPU
		{FFE7BF3B-F00C-4E65-8C3C-AECEF33DA5AF}.Release|Any CPU.ActiveCfg = Release|Any CPU
		{FFE7BF3B-F00C-4E65-8C3C-AECEF33DA5AF}.Release|Any CPU.Build.0 = Release|Any CPU
		{5FA44F8E-00BD-43AA-B689-50AF12BF44F0}.Debug|Any CPU.ActiveCfg = Debug|Any CPU
		{5FA44F8E-00BD-43AA-B689-50AF12BF44F0}.Debug|Any CPU.Build.0 = Debug|Any CPU
		{5FA44F8E-00BD-43AA-B689-50AF12BF44F0}.Release|Any CPU.ActiveCfg = Release|Any CPU
		{5FA44F8E-00BD-43AA-B689-50AF12BF44F0}.Release|Any CPU.Build.0 = Release|Any CPU
		{6FD5306B-1822-46E2-A061-39A58E565095}.Debug|Any CPU.ActiveCfg = Debug|Any CPU
		{6FD5306B-1822-46E2-A061-39A58E565095}.Debug|Any CPU.Build.0 = Debug|Any CPU
		{6FD5306B-1822-46E2-A061-39A58E565095}.Release|Any CPU.ActiveCfg = Release|Any CPU
		{6FD5306B-1822-46E2-A061-39A58E565095}.Release|Any CPU.Build.0 = Release|Any CPU
		{EF145BBF-EF54-46EA-AA0C-D48EF4B7325B}.Debug|Any CPU.ActiveCfg = Debug|Any CPU
		{EF145BBF-EF54-46EA-AA0C-D48EF4B7325B}.Debug|Any CPU.Build.0 = Debug|Any CPU
		{EF145BBF-EF54-46EA-AA0C-D48EF4B7325B}.Release|Any CPU.ActiveCfg = Release|Any CPU
		{EF145BBF-EF54-46EA-AA0C-D48EF4B7325B}.Release|Any CPU.Build.0 = Release|Any CPU
		{87F1756E-B582-45D7-BF13-D12D92046EFB}.Debug|Any CPU.ActiveCfg = Debug|Any CPU
		{87F1756E-B582-45D7-BF13-D12D92046EFB}.Debug|Any CPU.Build.0 = Debug|Any CPU
		{87F1756E-B582-45D7-BF13-D12D92046EFB}.Release|Any CPU.ActiveCfg = Release|Any CPU
		{87F1756E-B582-45D7-BF13-D12D92046EFB}.Release|Any CPU.Build.0 = Release|Any CPU
		{5E2E08A8-02F8-4762-AC17-63F01B87A726}.Debug|Any CPU.ActiveCfg = Debug|Any CPU
		{5E2E08A8-02F8-4762-AC17-63F01B87A726}.Debug|Any CPU.Build.0 = Debug|Any CPU
		{5E2E08A8-02F8-4762-AC17-63F01B87A726}.Release|Any CPU.ActiveCfg = Release|Any CPU
		{5E2E08A8-02F8-4762-AC17-63F01B87A726}.Release|Any CPU.Build.0 = Release|Any CPU
	EndGlobalSection
	GlobalSection(SolutionProperties) = preSolution
		HideSolutionNode = FALSE
	EndGlobalSection
	GlobalSection(ExtensibilityGlobals) = postSolution
		SolutionGuid = {2506CC90-C8E8-4049-8BBC-B352C897E4FD}
	EndGlobalSection
EndGlobal
